
Microsoft Visual Studio Solution File, Format Version 12.00
# Visual Studio Version 17
VisualStudioVersion = 17.12.35309.182
MinimumVisualStudioVersion = 10.0.40219.1
Project("{FAE04EC0-301F-11D3-BF4B-00C04F79EFBC}") = "Clinica Privada", "Clinica Privada\Clinica Privada.csproj", "{5CA0B4B2-BEB9-4998-A8E9-8AC9390BE316}"
EndProject
Global
	GlobalSection(SolutionConfigurationPlatforms) = preSolution
		Debug|Any CPU = Debug|Any CPU
		Release|Any CPU = Release|Any CPU
	EndGlobalSection
	GlobalSection(ProjectConfigurationPlatforms) = postSolution
		{5CA0B4B2-BEB9-4998-A8E9-8AC9390BE316}.Debug|Any CPU.ActiveCfg = Debug|Any CPU
		{5CA0B4B2-BEB9-4998-A8E9-8AC9390BE316}.Debug|Any CPU.Build.0 = Debug|Any CPU
		{5CA0B4B2-BEB9-4998-A8E9-8AC9390BE316}.Release|Any CPU.ActiveCfg = Release|Any CPU
		{5CA0B4B2-BEB9-4998-A8E9-8AC9390BE316}.Release|Any CPU.Build.0 = Release|Any CPU
	EndGlobalSection
	GlobalSection(SolutionProperties) = preSolution
		HideSolutionNode = FALSE
	EndGlobalSection
	GlobalSection(ExtensibilityGlobals) = postSolution
		SolutionGuid = {F913EECC-6643-460E-B180-15276F5CA319}
	EndGlobalSection
EndGlobal
